
Microsoft Visual Studio Solution File, Format Version 12.00
# Visual Studio Version 17
VisualStudioVersion = 17.0.31903.59
MinimumVisualStudioVersion = 10.0.40219.1
Project("{2150E333-8FDC-42A3-9474-1A3956D46DE8}") = "libs", "libs", "{6C4D298B-81FB-2B6B-5AB6-46205EDDC72C}"
EndProject
Project("{2150E333-8FDC-42A3-9474-1A3956D46DE8}") = "domain", "domain", "{40C5210B-72D4-28FC-545E-86448190D627}"
EndProject
Project("{FAE04EC0-301F-11D3-BF4B-00C04F79EFBC}") = "Payroll.Domain", "libs\domain\Payroll.Domain.csproj", "{6A366C26-DF13-4DFC-85BC-8A21A99DB4B0}"
EndProject
Project("{2150E333-8FDC-42A3-9474-1A3956D46DE8}") = "application", "application", "{74512830-83AE-C3D1-836F-ACE90D8E75EE}"
EndProject
Project("{FAE04EC0-301F-11D3-BF4B-00C04F79EFBC}") = "Payroll.Application", "libs\application\Payroll.Application.csproj", "{A777FD16-F4B4-4061-8652-E89AD14C2D0E}"
EndProject
Project("{2150E333-8FDC-42A3-9474-1A3956D46DE8}") = "infrastructure", "infrastructure", "{51C4F8F0-C42C-DDC9-2298-1DC0EA516BE7}"
EndProject
Project("{FAE04EC0-301F-11D3-BF4B-00C04F79EFBC}") = "Payroll.Infrastructure", "libs\infrastructure\Payroll.Infrastructure.csproj", "{DF73715A-C24C-4CE3-8CA7-CB86D4965B88}"
EndProject
Project("{2150E333-8FDC-42A3-9474-1A3956D46DE8}") = "contracts", "contracts", "{09985DAF-07A2-BF88-F9DA-FE5946B0801C}"
EndProject
Project("{FAE04EC0-301F-11D3-BF4B-00C04F79EFBC}") = "Payroll.Contracts", "libs\contracts\Payroll.Contracts.csproj", "{881844AA-9EC9-42C4-AD17-EB27690024A8}"
EndProject
Project("{2150E333-8FDC-42A3-9474-1A3956D46DE8}") = "apps", "apps", "{1787FE1D-075E-9E68-7218-25F1BD1BBEAB}"
EndProject
Project("{2150E333-8FDC-42A3-9474-1A3956D46DE8}") = "api", "api", "{BC2D172B-13BC-136C-CDB1-4B1A687208C4}"
EndProject
Project("{FAE04EC0-301F-11D3-BF4B-00C04F79EFBC}") = "Payroll.Api", "apps\api\Payroll.Api.csproj", "{79015FD0-F049-4B12-B73F-8B463013C2E9}"
EndProject
Project("{FAE04EC0-301F-11D3-BF4B-00C04F79EFBC}") = "Payroll.Application.Tests", "..\tests\unit\Payroll.Application.Tests\Payroll.Application.Tests.csproj", "{7895D8A8-0112-4348-A009-C80096AA7466}"
EndProject
Global
	GlobalSection(SolutionConfigurationPlatforms) = preSolution
		Debug|Any CPU = Debug|Any CPU
		Debug|x64 = Debug|x64
		Debug|x86 = Debug|x86
		Release|Any CPU = Release|Any CPU
		Release|x64 = Release|x64
		Release|x86 = Release|x86
	EndGlobalSection
	GlobalSection(ProjectConfigurationPlatforms) = postSolution
		{6A366C26-DF13-4DFC-85BC-8A21A99DB4B0}.Debug|Any CPU.ActiveCfg = Debug|Any CPU
		{6A366C26-DF13-4DFC-85BC-8A21A99DB4B0}.Debug|Any CPU.Build.0 = Debug|Any CPU
		{6A366C26-DF13-4DFC-85BC-8A21A99DB4B0}.Debug|x64.ActiveCfg = Debug|Any CPU
		{6A366C26-DF13-4DFC-85BC-8A21A99DB4B0}.Debug|x64.Build.0 = Debug|Any CPU
		{6A366C26-DF13-4DFC-85BC-8A21A99DB4B0}.Debug|x86.ActiveCfg = Debug|Any CPU
		{6A366C26-DF13-4DFC-85BC-8A21A99DB4B0}.Debug|x86.Build.0 = Debug|Any CPU
		{6A366C26-DF13-4DFC-85BC-8A21A99DB4B0}.Release|Any CPU.ActiveCfg = Release|Any CPU
		{6A366C26-DF13-4DFC-85BC-8A21A99DB4B0}.Release|Any CPU.Build.0 = Release|Any CPU
		{6A366C26-DF13-4DFC-85BC-8A21A99DB4B0}.Release|x64.ActiveCfg = Release|Any CPU
		{6A366C26-DF13-4DFC-85BC-8A21A99DB4B0}.Release|x64.Build.0 = Release|Any CPU
		{6A366C26-DF13-4DFC-85BC-8A21A99DB4B0}.Release|x86.ActiveCfg = Release|Any CPU
		{6A366C26-DF13-4DFC-85BC-8A21A99DB4B0}.Release|x86.Build.0 = Release|Any CPU
		{A777FD16-F4B4-4061-8652-E89AD14C2D0E}.Debug|Any CPU.ActiveCfg = Debug|Any CPU
		{A777FD16-F4B4-4061-8652-E89AD14C2D0E}.Debug|Any CPU.Build.0 = Debug|Any CPU
		{A777FD16-F4B4-4061-8652-E89AD14C2D0E}.Debug|x64.ActiveCfg = Debug|Any CPU
		{A777FD16-F4B4-4061-8652-E89AD14C2D0E}.Debug|x64.Build.0 = Debug|Any CPU
		{A777FD16-F4B4-4061-8652-E89AD14C2D0E}.Debug|x86.ActiveCfg = Debug|Any CPU
		{A777FD16-F4B4-4061-8652-E89AD14C2D0E}.Debug|x86.Build.0 = Debug|Any CPU
		{A777FD16-F4B4-4061-8652-E89AD14C2D0E}.Release|Any CPU.ActiveCfg = Release|Any CPU
		{A777FD16-F4B4-4061-8652-E89AD14C2D0E}.Release|Any CPU.Build.0 = Release|Any CPU
		{A777FD16-F4B4-4061-8652-E89AD14C2D0E}.Release|x64.ActiveCfg = Release|Any CPU
		{A777FD16-F4B4-4061-8652-E89AD14C2D0E}.Release|x64.Build.0 = Release|Any CPU
		{A777FD16-F4B4-4061-8652-E89AD14C2D0E}.Release|x86.ActiveCfg = Release|Any CPU
		{A777FD16-F4B4-4061-8652-E89AD14C2D0E}.Release|x86.Build.0 = Release|Any CPU
		{DF73715A-C24C-4CE3-8CA7-CB86D4965B88}.Debug|Any CPU.ActiveCfg = Debug|Any CPU
		{DF73715A-C24C-4CE3-8CA7-CB86D4965B88}.Debug|Any CPU.Build.0 = Debug|Any CPU
		{DF73715A-C24C-4CE3-8CA7-CB86D4965B88}.Debug|x64.ActiveCfg = Debug|Any CPU
		{DF73715A-C24C-4CE3-8CA7-CB86D4965B88}.Debug|x64.Build.0 = Debug|Any CPU
		{DF73715A-C24C-4CE3-8CA7-CB86D4965B88}.Debug|x86.ActiveCfg = Debug|Any CPU
		{DF73715A-C24C-4CE3-8CA7-CB86D4965B88}.Debug|x86.Build.0 = Debug|Any CPU
		{DF73715A-C24C-4CE3-8CA7-CB86D4965B88}.Release|Any CPU.ActiveCfg = Release|Any CPU
		{DF73715A-C24C-4CE3-8CA7-CB86D4965B88}.Release|Any CPU.Build.0 = Release|Any CPU
		{DF73715A-C24C-4CE3-8CA7-CB86D4965B88}.Release|x64.ActiveCfg = Release|Any CPU
		{DF73715A-C24C-4CE3-8CA7-CB86D4965B88}.Release|x64.Build.0 = Release|Any CPU
		{DF73715A-C24C-4CE3-8CA7-CB86D4965B88}.Release|x86.ActiveCfg = Release|Any CPU
		{DF73715A-C24C-4CE3-8CA7-CB86D4965B88}.Release|x86.Build.0 = Release|Any CPU
		{881844AA-9EC9-42C4-AD17-EB27690024A8}.Debug|Any CPU.ActiveCfg = Debug|Any CPU
		{881844AA-9EC9-42C4-AD17-EB27690024A8}.Debug|Any CPU.Build.0 = Debug|Any CPU
		{881844AA-9EC9-42C4-AD17-EB27690024A8}.Debug|x64.ActiveCfg = Debug|Any CPU
		{881844AA-9EC9-42C4-AD17-EB27690024A8}.Debug|x64.Build.0 = Debug|Any CPU
		{881844AA-9EC9-42C4-AD17-EB27690024A8}.Debug|x86.ActiveCfg = Debug|Any CPU
		{881844AA-9EC9-42C4-AD17-EB27690024A8}.Debug|x86.Build.0 = Debug|Any CPU
		{881844AA-9EC9-42C4-AD17-EB27690024A8}.Release|Any CPU.ActiveCfg = Release|Any CPU
		{881844AA-9EC9-42C4-AD17-EB27690024A8}.Release|Any CPU.Build.0 = Release|Any CPU
		{881844AA-9EC9-42C4-AD17-EB27690024A8}.Release|x64.ActiveCfg = Release|Any CPU
		{881844AA-9EC9-42C4-AD17-EB27690024A8}.Release|x64.Build.0 = Release|Any CPU
		{881844AA-9EC9-42C4-AD17-EB27690024A8}.Release|x86.ActiveCfg = Release|Any CPU
		{881844AA-9EC9-42C4-AD17-EB27690024A8}.Release|x86.Build.0 = Release|Any CPU
		{79015FD0-F049-4B12-B73F-8B463013C2E9}.Debug|Any CPU.ActiveCfg = Debug|Any CPU
		{79015FD0-F049-4B12-B73F-8B463013C2E9}.Debug|Any CPU.Build.0 = Debug|Any CPU
		{79015FD0-F049-4B12-B73F-8B463013C2E9}.Debug|x64.ActiveCfg = Debug|Any CPU
		{79015FD0-F049-4B12-B73F-8B463013C2E9}.Debug|x64.Build.0 = Debug|Any CPU
		{79015FD0-F049-4B12-B73F-8B463013C2E9}.Debug|x86.ActiveCfg = Debug|Any CPU
		{79015FD0-F049-4B12-B73F-8B463013C2E9}.Debug|x86.Build.0 = Debug|Any CPU
		{79015FD0-F049-4B12-B73F-8B463013C2E9}.Release|Any CPU.ActiveCfg = Release|Any CPU
		{79015FD0-F049-4B12-B73F-8B463013C2E9}.Release|Any CPU.Build.0 = Release|Any CPU
		{79015FD0-F049-4B12-B73F-8B463013C2E9}.Release|x64.ActiveCfg = Release|Any CPU
		{79015FD0-F049-4B12-B73F-8B463013C2E9}.Release|x64.Build.0 = Release|Any CPU
		{79015FD0-F049-4B12-B73F-8B463013C2E9}.Release|x86.ActiveCfg = Release|Any CPU
		{79015FD0-F049-4B12-B73F-8B463013C2E9}.Release|x86.Build.0 = Release|Any CPU
		{7895D8A8-0112-4348-A009-C80096AA7466}.Debug|Any CPU.ActiveCfg = Debug|Any CPU
		{7895D8A8-0112-4348-A009-C80096AA7466}.Debug|Any CPU.Build.0 = Debug|Any CPU
		{7895D8A8-0112-4348-A009-C80096AA7466}.Debug|x64.ActiveCfg = Debug|Any CPU
		{7895D8A8-0112-4348-A009-C80096AA7466}.Debug|x64.Build.0 = Debug|Any CPU
		{7895D8A8-0112-4348-A009-C80096AA7466}.Debug|x86.ActiveCfg = Debug|Any CPU
		{7895D8A8-0112-4348-A009-C80096AA7466}.Debug|x86.Build.0 = Debug|Any CPU
		{7895D8A8-0112-4348-A009-C80096AA7466}.Release|Any CPU.ActiveCfg = Release|Any CPU
		{7895D8A8-0112-4348-A009-C80096AA7466}.Release|Any CPU.Build.0 = Release|Any CPU
		{7895D8A8-0112-4348-A009-C80096AA7466}.Release|x64.ActiveCfg = Release|Any CPU
		{7895D8A8-0112-4348-A009-C80096AA7466}.Release|x64.Build.0 = Release|Any CPU
		{7895D8A8-0112-4348-A009-C80096AA7466}.Release|x86.ActiveCfg = Release|Any CPU
		{7895D8A8-0112-4348-A009-C80096AA7466}.Release|x86.Build.0 = Release|Any CPU
	EndGlobalSection
	GlobalSection(SolutionProperties) = preSolution
		HideSolutionNode = FALSE
	EndGlobalSection
	GlobalSection(NestedProjects) = preSolution
		{40C5210B-72D4-28FC-545E-86448190D627} = {6C4D298B-81FB-2B6B-5AB6-46205EDDC72C}
		{6A366C26-DF13-4DFC-85BC-8A21A99DB4B0} = {40C5210B-72D4-28FC-545E-86448190D627}
		{74512830-83AE-C3D1-836F-ACE90D8E75EE} = {6C4D298B-81FB-2B6B-5AB6-46205EDDC72C}
		{A777FD16-F4B4-4061-8652-E89AD14C2D0E} = {74512830-83AE-C3D1-836F-ACE90D8E75EE}
		{51C4F8F0-C42C-DDC9-2298-1DC0EA516BE7} = {6C4D298B-81FB-2B6B-5AB6-46205EDDC72C}
		{DF73715A-C24C-4CE3-8CA7-CB86D4965B88} = {51C4F8F0-C42C-DDC9-2298-1DC0EA516BE7}
		{09985DAF-07A2-BF88-F9DA-FE5946B0801C} = {6C4D298B-81FB-2B6B-5AB6-46205EDDC72C}
		{881844AA-9EC9-42C4-AD17-EB27690024A8} = {09985DAF-07A2-BF88-F9DA-FE5946B0801C}
		{BC2D172B-13BC-136C-CDB1-4B1A687208C4} = {1787FE1D-075E-9E68-7218-25F1BD1BBEAB}
		{79015FD0-F049-4B12-B73F-8B463013C2E9} = {BC2D172B-13BC-136C-CDB1-4B1A687208C4}
	EndGlobalSection
EndGlobal
